
Microsoft Visual Studio Solution File, Format Version 12.00
# Visual Studio Version 17
VisualStudioVersion = 17.7.34031.279
MinimumVisualStudioVersion = 10.0.40219.1
Project("{888888A0-9F3D-457C-B088-3A5042F75D52}") = "LI_Amplifier", "LI_Amplifier.pyproj", "{AA00FA68-A00A-453F-A39A-11CAD69756F7}"
EndProject
Global
	GlobalSection(SolutionConfigurationPlatforms) = preSolution
		Debug|Any CPU = Debug|Any CPU
		Release|Any CPU = Release|Any CPU
	EndGlobalSection
	GlobalSection(ProjectConfigurationPlatforms) = postSolution
		{AA00FA68-A00A-453F-A39A-11CAD69756F7}.Debug|Any CPU.ActiveCfg = Debug|Any CPU
		{AA00FA68-A00A-453F-A39A-11CAD69756F7}.Release|Any CPU.ActiveCfg = Release|Any CPU
	EndGlobalSection
	GlobalSection(SolutionProperties) = preSolution
		HideSolutionNode = FALSE
	EndGlobalSection
	GlobalSection(ExtensibilityGlobals) = postSolution
		SolutionGuid = {DB1E32EE-43C3-4D8B-AE56-E0EF7E79B18C}
	EndGlobalSection
EndGlobal
